
Microsoft Visual Studio Solution File, Format Version 12.00
# Visual Studio Version 16
VisualStudioVersion = 16.0.30011.22
MinimumVisualStudioVersion = 10.0.40219.1
Project("{FAE04EC0-301F-11D3-BF4B-00C04F79EFBC}") = "ConsoleApp6", "ConsoleApp6\ConsoleApp6.csproj", "{D3AB7D90-B1F4-4786-A4CD-85633E4ACFD3}"
EndProject
Global
	GlobalSection(SolutionConfigurationPlatforms) = preSolution
		Debug|Any CPU = Debug|Any CPU
		Release|Any CPU = Release|Any CPU
	EndGlobalSection
	GlobalSection(ProjectConfigurationPlatforms) = postSolution
		{D3AB7D90-B1F4-4786-A4CD-85633E4ACFD3}.Debug|Any CPU.ActiveCfg = Debug|Any CPU
		{D3AB7D90-B1F4-4786-A4CD-85633E4ACFD3}.Debug|Any CPU.Build.0 = Debug|Any CPU
		{D3AB7D90-B1F4-4786-A4CD-85633E4ACFD3}.Release|Any CPU.ActiveCfg = Release|Any CPU
		{D3AB7D90-B1F4-4786-A4CD-85633E4ACFD3}.Release|Any CPU.Build.0 = Release|Any CPU
	EndGlobalSection
	GlobalSection(SolutionProperties) = preSolution
		HideSolutionNode = FALSE
	EndGlobalSection
	GlobalSection(ExtensibilityGlobals) = postSolution
		SolutionGuid = {339D0616-7F08-44BC-BD0F-A78A59EB9D73}
	EndGlobalSection
EndGlobal
