
Microsoft Visual Studio Solution File, Format Version 12.00
# Visual Studio Version 16
VisualStudioVersion = 16.0.30011.22
MinimumVisualStudioVersion = 10.0.40219.1
Project("{FAE04EC0-301F-11D3-BF4B-00C04F79EFBC}") = "ConsoleApp16", "ConsoleApp16\ConsoleApp16.csproj", "{F7E10D09-0FD5-4499-A204-11BD0EB7F9B6}"
EndProject
Global
	GlobalSection(SolutionConfigurationPlatforms) = preSolution
		Debug|Any CPU = Debug|Any CPU
		Release|Any CPU = Release|Any CPU
	EndGlobalSection
	GlobalSection(ProjectConfigurationPlatforms) = postSolution
		{F7E10D09-0FD5-4499-A204-11BD0EB7F9B6}.Debug|Any CPU.ActiveCfg = Debug|Any CPU
		{F7E10D09-0FD5-4499-A204-11BD0EB7F9B6}.Debug|Any CPU.Build.0 = Debug|Any CPU
		{F7E10D09-0FD5-4499-A204-11BD0EB7F9B6}.Release|Any CPU.ActiveCfg = Release|Any CPU
		{F7E10D09-0FD5-4499-A204-11BD0EB7F9B6}.Release|Any CPU.Build.0 = Release|Any CPU
	EndGlobalSection
	GlobalSection(SolutionProperties) = preSolution
		HideSolutionNode = FALSE
	EndGlobalSection
	GlobalSection(ExtensibilityGlobals) = postSolution
		SolutionGuid = {796147CC-F3BA-4FA7-B9A7-2839CE02E0C9}
	EndGlobalSection
EndGlobal
