
Microsoft Visual Studio Solution File, Format Version 12.00
# Visual Studio Version 16
VisualStudioVersion = 16.0.30011.22
MinimumVisualStudioVersion = 10.0.40219.1
Project("{FAE04EC0-301F-11D3-BF4B-00C04F79EFBC}") = "ConsoleApp32", "ConsoleApp32\ConsoleApp32.csproj", "{6891B237-AA74-41B5-9C27-E7FE3039ED13}"
EndProject
Global
	GlobalSection(SolutionConfigurationPlatforms) = preSolution
		Debug|Any CPU = Debug|Any CPU
		Release|Any CPU = Release|Any CPU
	EndGlobalSection
	GlobalSection(ProjectConfigurationPlatforms) = postSolution
		{6891B237-AA74-41B5-9C27-E7FE3039ED13}.Debug|Any CPU.ActiveCfg = Debug|Any CPU
		{6891B237-AA74-41B5-9C27-E7FE3039ED13}.Debug|Any CPU.Build.0 = Debug|Any CPU
		{6891B237-AA74-41B5-9C27-E7FE3039ED13}.Release|Any CPU.ActiveCfg = Release|Any CPU
		{6891B237-AA74-41B5-9C27-E7FE3039ED13}.Release|Any CPU.Build.0 = Release|Any CPU
	EndGlobalSection
	GlobalSection(SolutionProperties) = preSolution
		HideSolutionNode = FALSE
	EndGlobalSection
	GlobalSection(ExtensibilityGlobals) = postSolution
		SolutionGuid = {D4DE5BA1-3BA5-4E49-8EFC-D2FBEA772F97}
	EndGlobalSection
EndGlobal
