
Microsoft Visual Studio Solution File, Format Version 12.00
# Visual Studio Version 16
VisualStudioVersion = 16.0.30011.22
MinimumVisualStudioVersion = 10.0.40219.1
Project("{F184B08F-C81C-45F6-A57F-5ABD9991F28F}") = "ConsoleApp12", "ConsoleApp12\ConsoleApp12.vbproj", "{2F2D710F-9BC6-4A02-B028-936AF6F6540F}"
EndProject
Global
	GlobalSection(SolutionConfigurationPlatforms) = preSolution
		Debug|Any CPU = Debug|Any CPU
		Release|Any CPU = Release|Any CPU
	EndGlobalSection
	GlobalSection(ProjectConfigurationPlatforms) = postSolution
		{2F2D710F-9BC6-4A02-B028-936AF6F6540F}.Debug|Any CPU.ActiveCfg = Debug|Any CPU
		{2F2D710F-9BC6-4A02-B028-936AF6F6540F}.Debug|Any CPU.Build.0 = Debug|Any CPU
		{2F2D710F-9BC6-4A02-B028-936AF6F6540F}.Release|Any CPU.ActiveCfg = Release|Any CPU
		{2F2D710F-9BC6-4A02-B028-936AF6F6540F}.Release|Any CPU.Build.0 = Release|Any CPU
	EndGlobalSection
	GlobalSection(SolutionProperties) = preSolution
		HideSolutionNode = FALSE
	EndGlobalSection
	GlobalSection(ExtensibilityGlobals) = postSolution
		SolutionGuid = {27963E2F-DBF5-42E3-B032-4C45103A952C}
	EndGlobalSection
EndGlobal
